
Microsoft Visual Studio Solution File, Format Version 12.00
# Visual Studio Version 16
VisualStudioVersion = 16.0.31702.278
MinimumVisualStudioVersion = 10.0.40219.1
Project("{9A19103F-16F7-4668-BE54-9A1E7A4F7556}") = "GradeBook", "GradeBook.csproj", "{41C61152-2256-4A66-9BE7-5EED501A27AF}"
EndProject
Global
	GlobalSection(SolutionConfigurationPlatforms) = preSolution
		Debug|Any CPU = Debug|Any CPU
		Release|Any CPU = Release|Any CPU
	EndGlobalSection
	GlobalSection(ProjectConfigurationPlatforms) = postSolution
		{41C61152-2256-4A66-9BE7-5EED501A27AF}.Debug|Any CPU.ActiveCfg = Debug|Any CPU
		{41C61152-2256-4A66-9BE7-5EED501A27AF}.Debug|Any CPU.Build.0 = Debug|Any CPU
		{41C61152-2256-4A66-9BE7-5EED501A27AF}.Release|Any CPU.ActiveCfg = Release|Any CPU
		{41C61152-2256-4A66-9BE7-5EED501A27AF}.Release|Any CPU.Build.0 = Release|Any CPU
	EndGlobalSection
	GlobalSection(SolutionProperties) = preSolution
		HideSolutionNode = FALSE
	EndGlobalSection
	GlobalSection(ExtensibilityGlobals) = postSolution
		SolutionGuid = {695EF8DB-F8E0-405E-955A-74482D9CFB5A}
	EndGlobalSection
EndGlobal
